
Microsoft Visual Studio Solution File, Format Version 12.00
# Visual Studio Version 17
VisualStudioVersion = 17.1.32210.238
MinimumVisualStudioVersion = 10.0.40219.1
Project("{FAE04EC0-301F-11D3-BF4B-00C04F79EFBC}") = "Calculator", "Calculator.csproj", "{02E0F742-4DFC-4719-A629-6B5B5F7332ED}"
EndProject
Global
	GlobalSection(SolutionConfigurationPlatforms) = preSolution
		Debug|Any CPU = Debug|Any CPU
		Release|Any CPU = Release|Any CPU
	EndGlobalSection
	GlobalSection(ProjectConfigurationPlatforms) = postSolution
		{02E0F742-4DFC-4719-A629-6B5B5F7332ED}.Debug|Any CPU.ActiveCfg = Debug|Any CPU
		{02E0F742-4DFC-4719-A629-6B5B5F7332ED}.Debug|Any CPU.Build.0 = Debug|Any CPU
		{02E0F742-4DFC-4719-A629-6B5B5F7332ED}.Release|Any CPU.ActiveCfg = Release|Any CPU
		{02E0F742-4DFC-4719-A629-6B5B5F7332ED}.Release|Any CPU.Build.0 = Release|Any CPU
	EndGlobalSection
	GlobalSection(SolutionProperties) = preSolution
		HideSolutionNode = FALSE
	EndGlobalSection
	GlobalSection(ExtensibilityGlobals) = postSolution
		SolutionGuid = {24394D85-0BC9-4629-8225-A2F7EC6BE63F}
	EndGlobalSection
EndGlobal
